
Microsoft Visual Studio Solution File, Format Version 12.00
# Visual Studio Version 16
VisualStudioVersion = 16.0.31624.102
MinimumVisualStudioVersion = 10.0.40219.1
Project("{FAE04EC0-301F-11D3-BF4B-00C04F79EFBC}") = "Nort", "Nort\Nort.csproj", "{4D47563D-B289-4DFA-9DD5-6AF0A67E1F47}"
EndProject
Global
	GlobalSection(SolutionConfigurationPlatforms) = preSolution
		Debug|Any CPU = Debug|Any CPU
		Release|Any CPU = Release|Any CPU
	EndGlobalSection
	GlobalSection(ProjectConfigurationPlatforms) = postSolution
		{4D47563D-B289-4DFA-9DD5-6AF0A67E1F47}.Debug|Any CPU.ActiveCfg = Debug|Any CPU
		{4D47563D-B289-4DFA-9DD5-6AF0A67E1F47}.Debug|Any CPU.Build.0 = Debug|Any CPU
		{4D47563D-B289-4DFA-9DD5-6AF0A67E1F47}.Release|Any CPU.ActiveCfg = Release|Any CPU
		{4D47563D-B289-4DFA-9DD5-6AF0A67E1F47}.Release|Any CPU.Build.0 = Release|Any CPU
	EndGlobalSection
	GlobalSection(SolutionProperties) = preSolution
		HideSolutionNode = FALSE
	EndGlobalSection
	GlobalSection(ExtensibilityGlobals) = postSolution
		SolutionGuid = {EEA07DD0-4814-4CC4-AAC4-209779A2E516}
	EndGlobalSection
EndGlobal
